// !$*UTF8*$!
{
	archiveVersion = 1;
	classes = {
	};
	objectVersion = 48;
	objects = {

/* Begin PBXBuildFile section */
		5003CB311FAAB34100D07085 /* APIKey.plist in Resources */ = {isa = PBXBuildFile; fileRef = 5003CB301FAAB34000D07085 /* APIKey.plist */; };
		5003CB361FAABEA000D07085 /* Assembler+Assemblies.swift in Sources */ = {isa = PBXBuildFile; fileRef = 5003CB351FAABEA000D07085 /* Assembler+Assemblies.swift */; };
		5003CB381FAABF0400D07085 /* MainAssembly.swift in Sources */ = {isa = PBXBuildFile; fileRef = 5003CB371FAABF0400D07085 /* MainAssembly.swift */; };
		5003CB3A1FAAC1B200D07085 /* AppDelegateSpec.swift in Sources */ = {isa = PBXBuildFile; fileRef = 5003CB391FAAC1B200D07085 /* AppDelegateSpec.swift */; };
		5003CB3C1FAAC2AB00D07085 /* MainView.swift in Sources */ = {isa = PBXBuildFile; fileRef = 5003CB3B1FAAC2AB00D07085 /* MainView.swift */; };
		501DF94E1FAC9D8D0075A3EE /* CardDetails.swift in Sources */ = {isa = PBXBuildFile; fileRef = 501DF94D1FAC9D8D0075A3EE /* CardDetails.swift */; };
		501DF95B1FACA57F0075A3EE /* CardDetailsDeserializerSpec.swift in Sources */ = {isa = PBXBuildFile; fileRef = 501DF95A1FACA57F0075A3EE /* CardDetailsDeserializerSpec.swift */; };
		502904961FAE0A7E000E7DFE /* CardDetailsService.swift in Sources */ = {isa = PBXBuildFile; fileRef = 502904951FAE0A7E000E7DFE /* CardDetailsService.swift */; };
		5029049B1FAE0C26000E7DFE /* URLProvider.swift in Sources */ = {isa = PBXBuildFile; fileRef = 5029049A1FAE0C26000E7DFE /* URLProvider.swift */; };
		50474DD91FAB61BD00906551 /* ForceCast.swift in Sources */ = {isa = PBXBuildFile; fileRef = 50474DD81FAB61BD00906551 /* ForceCast.swift */; };
		505DCF681FAF4AB60028D880 /* APIKeyProvider.swift in Sources */ = {isa = PBXBuildFile; fileRef = 505DCF671FAF4AB60028D880 /* APIKeyProvider.swift */; };
		505DCF6A1FAF4D960028D880 /* ProvidersAssemply.swift in Sources */ = {isa = PBXBuildFile; fileRef = 505DCF691FAF4D960028D880 /* ProvidersAssemply.swift */; };
		505DCF6C1FAF4E5F0028D880 /* ServicesAssembly.swift in Sources */ = {isa = PBXBuildFile; fileRef = 505DCF6B1FAF4E5F0028D880 /* ServicesAssembly.swift */; };
		505F5ECE1FAA29810093380D /* AppDelegate.swift in Sources */ = {isa = PBXBuildFile; fileRef = 505F5ECD1FAA29810093380D /* AppDelegate.swift */; };
		505F5ED01FAA29810093380D /* MainViewController.swift in Sources */ = {isa = PBXBuildFile; fileRef = 505F5ECF1FAA29810093380D /* MainViewController.swift */; };
		505F5ED51FAA29810093380D /* Assets.xcassets in Resources */ = {isa = PBXBuildFile; fileRef = 505F5ED41FAA29810093380D /* Assets.xcassets */; };
		505F5ED81FAA29810093380D /* LaunchScreen.storyboard in Resources */ = {isa = PBXBuildFile; fileRef = 505F5ED61FAA29810093380D /* LaunchScreen.storyboard */; };
		50B5A79E1FAC290C00013434 /* CustomButton.swift in Sources */ = {isa = PBXBuildFile; fileRef = 50B5A79D1FAC290C00013434 /* CustomButton.swift */; };
		50B5A7A01FAC2B4900013434 /* UIImage+FromColor.swift in Sources */ = {isa = PBXBuildFile; fileRef = 50B5A79F1FAC2B4900013434 /* UIImage+FromColor.swift */; };
		50B5A7A21FAC2FB200013434 /* BackgroundView.swift in Sources */ = {isa = PBXBuildFile; fileRef = 50B5A7A11FAC2FB200013434 /* BackgroundView.swift */; };
		50B5A7A41FAC365400013434 /* Images.xcassets in Resources */ = {isa = PBXBuildFile; fileRef = 50B5A7A31FAC365400013434 /* Images.xcassets */; };
		50B5A7A81FAC3D2D00013434 /* ValidationIndicatorView+Type.swift in Sources */ = {isa = PBXBuildFile; fileRef = 50B5A7A71FAC3D2D00013434 /* ValidationIndicatorView+Type.swift */; };
		50B5A7AD1FAC418D00013434 /* ValidationIndicatorView+Factory.swift in Sources */ = {isa = PBXBuildFile; fileRef = 50B5A7AC1FAC418D00013434 /* ValidationIndicatorView+Factory.swift */; };
		50DB217E1FB0251700F5FDA1 /* ErrorModel.swift in Sources */ = {isa = PBXBuildFile; fileRef = 50DB217D1FB0251700F5FDA1 /* ErrorModel.swift */; };
		50DB21801FB0401C00F5FDA1 /* MainViewController+Validations.swift in Sources */ = {isa = PBXBuildFile; fileRef = 50DB217F1FB0401C00F5FDA1 /* MainViewController+Validations.swift */; };
		50DB21821FB04C0900F5FDA1 /* UITextField+GenerateCCNumber.swift in Sources */ = {isa = PBXBuildFile; fileRef = 50DB21811FB04C0900F5FDA1 /* UITextField+GenerateCCNumber.swift */; };
		50DB21841FB293A600F5FDA1 /* CardDetailsService+Download.swift in Sources */ = {isa = PBXBuildFile; fileRef = 50DB21831FB293A600F5FDA1 /* CardDetailsService+Download.swift */; };
		50DB21861FB2AD2700F5FDA1 /* MainView+Autolayout.swift in Sources */ = {isa = PBXBuildFile; fileRef = 50DB21851FB2AD2700F5FDA1 /* MainView+Autolayout.swift */; };
		50DB218A1FB2BEDA00F5FDA1 /* MainViewController+Delegates.swift in Sources */ = {isa = PBXBuildFile; fileRef = 50DB21891FB2BEDA00F5FDA1 /* MainViewController+Delegates.swift */; };
		50DB218C1FB2BFE300F5FDA1 /* MainViewController+Service.swift in Sources */ = {isa = PBXBuildFile; fileRef = 50DB218B1FB2BFE300F5FDA1 /* MainViewController+Service.swift */; };
		50DB21911FB2E96900F5FDA1 /* CVCTextField.swift in Sources */ = {isa = PBXBuildFile; fileRef = 50DB21901FB2E96900F5FDA1 /* CVCTextField.swift */; };
		50DB21931FB2EDBB00F5FDA1 /* DateTextField.swift in Sources */ = {isa = PBXBuildFile; fileRef = 50DB21921FB2EDBB00F5FDA1 /* DateTextField.swift */; };
		50DB21951FB2F0D500F5FDA1 /* CreditCardNumberTextField.swift in Sources */ = {isa = PBXBuildFile; fileRef = 50DB21941FB2F0D500F5FDA1 /* CreditCardNumberTextField.swift */; };
		50DB21971FB2F68D00F5FDA1 /* String+InsertSeparator.swift in Sources */ = {isa = PBXBuildFile; fileRef = 50DB21961FB2F68D00F5FDA1 /* String+InsertSeparator.swift */; };
		50DB21991FB2FF8400F5FDA1 /* CreditCardControlView+Responders.swift in Sources */ = {isa = PBXBuildFile; fileRef = 50DB21981FB2FF8400F5FDA1 /* CreditCardControlView+Responders.swift */; };
		50DB21A21FB30A1100F5FDA1 /* MainViewControllerSpec.swift in Sources */ = {isa = PBXBuildFile; fileRef = 50DB21A11FB30A1100F5FDA1 /* MainViewControllerSpec.swift */; };
		50DB21A51FB30BC400F5FDA1 /* CardDetailsServiceStub.swift in Sources */ = {isa = PBXBuildFile; fileRef = 50DB21A41FB30BC400F5FDA1 /* CardDetailsServiceStub.swift */; };
		50DB21A81FB30C6800F5FDA1 /* MainViewControllerMock.swift in Sources */ = {isa = PBXBuildFile; fileRef = 50DB21A71FB30C6800F5FDA1 /* MainViewControllerMock.swift */; };
		50DB21AA1FB312A800F5FDA1 /* String_InsertSeparatorSpec.swift in Sources */ = {isa = PBXBuildFile; fileRef = 50DB21A91FB312A800F5FDA1 /* String_InsertSeparatorSpec.swift */; };
		50DB21AD1FB3160900F5FDA1 /* CardDetailsServiceSpec.swift in Sources */ = {isa = PBXBuildFile; fileRef = 50DB21AC1FB3160900F5FDA1 /* CardDetailsServiceSpec.swift */; };
		50DB21B01FB3177100F5FDA1 /* CardDetailsSpec.swift in Sources */ = {isa = PBXBuildFile; fileRef = 50DB21AF1FB3177100F5FDA1 /* CardDetailsSpec.swift */; };
		50DB21B21FB3177E00F5FDA1 /* ErrorModelSpec.swift in Sources */ = {isa = PBXBuildFile; fileRef = 50DB21B11FB3177E00F5FDA1 /* ErrorModelSpec.swift */; };
		50DB21B81FB335A400F5FDA1 /* CVCTextFieldSpec.swift in Sources */ = {isa = PBXBuildFile; fileRef = 50DB21B71FB335A400F5FDA1 /* CVCTextFieldSpec.swift */; };
		50DB21BA1FB33AD300F5FDA1 /* DateTextFieldSpec.swift in Sources */ = {isa = PBXBuildFile; fileRef = 50DB21B91FB33AD300F5FDA1 /* DateTextFieldSpec.swift */; };
		50DB21BC1FB33C5F00F5FDA1 /* CreditCardNumberTextFieldSpec.swift in Sources */ = {isa = PBXBuildFile; fileRef = 50DB21BB1FB33C5F00F5FDA1 /* CreditCardNumberTextFieldSpec.swift */; };
		50E4AC371FAB825F00D4B90D /* CreditCardControlView.swift in Sources */ = {isa = PBXBuildFile; fileRef = 50E4AC361FAB825F00D4B90D /* CreditCardControlView.swift */; };
		50EA7C061FABBAA800640B34 /* MainView+Factory.swift in Sources */ = {isa = PBXBuildFile; fileRef = 50EA7C051FABBAA800640B34 /* MainView+Factory.swift */; };
		50EA7C081FABBB2D00640B34 /* CreditCardControlView+Factory.swift in Sources */ = {isa = PBXBuildFile; fileRef = 50EA7C071FABBB2D00640B34 /* CreditCardControlView+Factory.swift */; };
		50EA7C0A1FABC87A00640B34 /* ValidationIndicatorView.swift in Sources */ = {isa = PBXBuildFile; fileRef = 50EA7C091FABC87A00640B34 /* ValidationIndicatorView.swift */; };
		50F616921FAB68860093D23E /* ForceCastTests.swift in Sources */ = {isa = PBXBuildFile; fileRef = 50474DDB1FAB66ED00906551 /* ForceCastTests.swift */; };
		79EF5EF8FEE92C274CA277DF /* Pods_CCNumberValidatorTests.framework in Frameworks */ = {isa = PBXBuildFile; fileRef = D223C191179DDCF8FFD07CA2 /* Pods_CCNumberValidatorTests.framework */; };
		B4AA73628F3D36F6704E18DF /* Pods_CCNumberValidator.framework in Frameworks */ = {isa = PBXBuildFile; fileRef = 295ABC66CFF27B7E3F0C5063 /* Pods_CCNumberValidator.framework */; };
/* End PBXBuildFile section */

/* Begin PBXContainerItemProxy section */
		505F5EDF1FAA29810093380D /* PBXContainerItemProxy */ = {
			isa = PBXContainerItemProxy;
			containerPortal = 505F5EC21FAA29810093380D /* Project object */;
			proxyType = 1;
			remoteGlobalIDString = 505F5EC91FAA29810093380D;
			remoteInfo = CCNumberValidator;
		};
/* End PBXContainerItemProxy section */

/* Begin PBXFileReference section */
		196728729996C134754603A8 /* Pods-CCNumberValidator.release.xcconfig */ = {isa = PBXFileReference; includeInIndex = 1; lastKnownFileType = text.xcconfig; name = "Pods-CCNumberValidator.release.xcconfig"; path = "Pods/Target Support Files/Pods-CCNumberValidator/Pods-CCNumberValidator.release.xcconfig"; sourceTree = "<group>"; };
		295ABC66CFF27B7E3F0C5063 /* Pods_CCNumberValidator.framework */ = {isa = PBXFileReference; explicitFileType = wrapper.framework; includeInIndex = 0; path = Pods_CCNumberValidator.framework; sourceTree = BUILT_PRODUCTS_DIR; };
		480E1B11812DCCE5E1B0CA93 /* Pods-CCNumberValidator.debug.xcconfig */ = {isa = PBXFileReference; includeInIndex = 1; lastKnownFileType = text.xcconfig; name = "Pods-CCNumberValidator.debug.xcconfig"; path = "Pods/Target Support Files/Pods-CCNumberValidator/Pods-CCNumberValidator.debug.xcconfig"; sourceTree = "<group>"; };
		5003CB301FAAB34000D07085 /* APIKey.plist */ = {isa = PBXFileReference; lastKnownFileType = text.plist.xml; path = APIKey.plist; sourceTree = "<group>"; };
		5003CB351FAABEA000D07085 /* Assembler+Assemblies.swift */ = {isa = PBXFileReference; lastKnownFileType = sourcecode.swift; path = "Assembler+Assemblies.swift"; sourceTree = "<group>"; };
		5003CB371FAABF0400D07085 /* MainAssembly.swift */ = {isa = PBXFileReference; lastKnownFileType = sourcecode.swift; path = MainAssembly.swift; sourceTree = "<group>"; };
		5003CB391FAAC1B200D07085 /* AppDelegateSpec.swift */ = {isa = PBXFileReference; lastKnownFileType = sourcecode.swift; path = AppDelegateSpec.swift; sourceTree = "<group>"; };
		5003CB3B1FAAC2AB00D07085 /* MainView.swift */ = {isa = PBXFileReference; lastKnownFileType = sourcecode.swift; path = MainView.swift; sourceTree = "<group>"; };
		501DF94D1FAC9D8D0075A3EE /* CardDetails.swift */ = {isa = PBXFileReference; lastKnownFileType = sourcecode.swift; path = CardDetails.swift; sourceTree = "<group>"; };
		501DF95A1FACA57F0075A3EE /* CardDetailsDeserializerSpec.swift */ = {isa = PBXFileReference; lastKnownFileType = sourcecode.swift; path = CardDetailsDeserializerSpec.swift; sourceTree = "<group>"; };
		502904951FAE0A7E000E7DFE /* CardDetailsService.swift */ = {isa = PBXFileReference; lastKnownFileType = sourcecode.swift; path = CardDetailsService.swift; sourceTree = "<group>"; };
		5029049A1FAE0C26000E7DFE /* URLProvider.swift */ = {isa = PBXFileReference; lastKnownFileType = sourcecode.swift; path = URLProvider.swift; sourceTree = "<group>"; };
		50474DD81FAB61BD00906551 /* ForceCast.swift */ = {isa = PBXFileReference; lastKnownFileType = sourcecode.swift; path = ForceCast.swift; sourceTree = "<group>"; };
		50474DDB1FAB66ED00906551 /* ForceCastTests.swift */ = {isa = PBXFileReference; lastKnownFileType = sourcecode.swift; path = ForceCastTests.swift; sourceTree = "<group>"; };
		505DCF671FAF4AB60028D880 /* APIKeyProvider.swift */ = {isa = PBXFileReference; lastKnownFileType = sourcecode.swift; path = APIKeyProvider.swift; sourceTree = "<group>"; };
		505DCF691FAF4D960028D880 /* ProvidersAssemply.swift */ = {isa = PBXFileReference; lastKnownFileType = sourcecode.swift; path = ProvidersAssemply.swift; sourceTree = "<group>"; };
		505DCF6B1FAF4E5F0028D880 /* ServicesAssembly.swift */ = {isa = PBXFileReference; lastKnownFileType = sourcecode.swift; path = ServicesAssembly.swift; sourceTree = "<group>"; };
		505F5ECA1FAA29810093380D /* CCNumberValidator.app */ = {isa = PBXFileReference; explicitFileType = wrapper.application; includeInIndex = 0; path = CCNumberValidator.app; sourceTree = BUILT_PRODUCTS_DIR; };
		505F5ECD1FAA29810093380D /* AppDelegate.swift */ = {isa = PBXFileReference; lastKnownFileType = sourcecode.swift; path = AppDelegate.swift; sourceTree = "<group>"; };
		505F5ECF1FAA29810093380D /* MainViewController.swift */ = {isa = PBXFileReference; lastKnownFileType = sourcecode.swift; path = MainViewController.swift; sourceTree = "<group>"; };
		505F5ED41FAA29810093380D /* Assets.xcassets */ = {isa = PBXFileReference; lastKnownFileType = folder.assetcatalog; path = Assets.xcassets; sourceTree = "<group>"; };
		505F5ED71FAA29810093380D /* Base */ = {isa = PBXFileReference; lastKnownFileType = file.storyboard; name = Base; path = Base.lproj/LaunchScreen.storyboard; sourceTree = "<group>"; };
		505F5ED91FAA29810093380D /* Info.plist */ = {isa = PBXFileReference; lastKnownFileType = text.plist.xml; path = Info.plist; sourceTree = "<group>"; };
		505F5EDE1FAA29810093380D /* CCNumberValidatorTests.xctest */ = {isa = PBXFileReference; explicitFileType = wrapper.cfbundle; includeInIndex = 0; path = CCNumberValidatorTests.xctest; sourceTree = BUILT_PRODUCTS_DIR; };
		505F5EE41FAA29810093380D /* Info.plist */ = {isa = PBXFileReference; lastKnownFileType = text.plist.xml; path = Info.plist; sourceTree = "<group>"; };
		50B5A79D1FAC290C00013434 /* CustomButton.swift */ = {isa = PBXFileReference; lastKnownFileType = sourcecode.swift; path = CustomButton.swift; sourceTree = "<group>"; };
		50B5A79F1FAC2B4900013434 /* UIImage+FromColor.swift */ = {isa = PBXFileReference; lastKnownFileType = sourcecode.swift; path = "UIImage+FromColor.swift"; sourceTree = "<group>"; };
		50B5A7A11FAC2FB200013434 /* BackgroundView.swift */ = {isa = PBXFileReference; lastKnownFileType = sourcecode.swift; path = BackgroundView.swift; sourceTree = "<group>"; };
		50B5A7A31FAC365400013434 /* Images.xcassets */ = {isa = PBXFileReference; lastKnownFileType = folder.assetcatalog; path = Images.xcassets; sourceTree = "<group>"; };
		50B5A7A71FAC3D2D00013434 /* ValidationIndicatorView+Type.swift */ = {isa = PBXFileReference; lastKnownFileType = sourcecode.swift; path = "ValidationIndicatorView+Type.swift"; sourceTree = "<group>"; };
		50B5A7AC1FAC418D00013434 /* ValidationIndicatorView+Factory.swift */ = {isa = PBXFileReference; lastKnownFileType = sourcecode.swift; path = "ValidationIndicatorView+Factory.swift"; sourceTree = "<group>"; };
		50DB217D1FB0251700F5FDA1 /* ErrorModel.swift */ = {isa = PBXFileReference; lastKnownFileType = sourcecode.swift; path = ErrorModel.swift; sourceTree = "<group>"; };
		50DB217F1FB0401C00F5FDA1 /* MainViewController+Validations.swift */ = {isa = PBXFileReference; lastKnownFileType = sourcecode.swift; path = "MainViewController+Validations.swift"; sourceTree = "<group>"; };
		50DB21811FB04C0900F5FDA1 /* UITextField+GenerateCCNumber.swift */ = {isa = PBXFileReference; lastKnownFileType = sourcecode.swift; path = "UITextField+GenerateCCNumber.swift"; sourceTree = "<group>"; };
		50DB21831FB293A600F5FDA1 /* CardDetailsService+Download.swift */ = {isa = PBXFileReference; lastKnownFileType = sourcecode.swift; path = "CardDetailsService+Download.swift"; sourceTree = "<group>"; };
		50DB21851FB2AD2700F5FDA1 /* MainView+Autolayout.swift */ = {isa = PBXFileReference; lastKnownFileType = sourcecode.swift; path = "MainView+Autolayout.swift"; sourceTree = "<group>"; };
		50DB21891FB2BEDA00F5FDA1 /* MainViewController+Delegates.swift */ = {isa = PBXFileReference; lastKnownFileType = sourcecode.swift; path = "MainViewController+Delegates.swift"; sourceTree = "<group>"; };
		50DB218B1FB2BFE300F5FDA1 /* MainViewController+Service.swift */ = {isa = PBXFileReference; lastKnownFileType = sourcecode.swift; path = "MainViewController+Service.swift"; sourceTree = "<group>"; };
		50DB21901FB2E96900F5FDA1 /* CVCTextField.swift */ = {isa = PBXFileReference; lastKnownFileType = sourcecode.swift; path = CVCTextField.swift; sourceTree = "<group>"; };
		50DB21921FB2EDBB00F5FDA1 /* DateTextField.swift */ = {isa = PBXFileReference; lastKnownFileType = sourcecode.swift; path = DateTextField.swift; sourceTree = "<group>"; };
		50DB21941FB2F0D500F5FDA1 /* CreditCardNumberTextField.swift */ = {isa = PBXFileReference; lastKnownFileType = sourcecode.swift; path = CreditCardNumberTextField.swift; sourceTree = "<group>"; };
		50DB21961FB2F68D00F5FDA1 /* String+InsertSeparator.swift */ = {isa = PBXFileReference; lastKnownFileType = sourcecode.swift; path = "String+InsertSeparator.swift"; sourceTree = "<group>"; };
		50DB21981FB2FF8400F5FDA1 /* CreditCardControlView+Responders.swift */ = {isa = PBXFileReference; lastKnownFileType = sourcecode.swift; path = "CreditCardControlView+Responders.swift"; sourceTree = "<group>"; };
		50DB21A11FB30A1100F5FDA1 /* MainViewControllerSpec.swift */ = {isa = PBXFileReference; lastKnownFileType = sourcecode.swift; path = MainViewControllerSpec.swift; sourceTree = "<group>"; };
		50DB21A41FB30BC400F5FDA1 /* CardDetailsServiceStub.swift */ = {isa = PBXFileReference; lastKnownFileType = sourcecode.swift; path = CardDetailsServiceStub.swift; sourceTree = "<group>"; };
		50DB21A71FB30C6800F5FDA1 /* MainViewControllerMock.swift */ = {isa = PBXFileReference; lastKnownFileType = sourcecode.swift; path = MainViewControllerMock.swift; sourceTree = "<group>"; };
		50DB21A91FB312A800F5FDA1 /* String_InsertSeparatorSpec.swift */ = {isa = PBXFileReference; lastKnownFileType = sourcecode.swift; path = String_InsertSeparatorSpec.swift; sourceTree = "<group>"; };
		50DB21AC1FB3160900F5FDA1 /* CardDetailsServiceSpec.swift */ = {isa = PBXFileReference; lastKnownFileType = sourcecode.swift; path = CardDetailsServiceSpec.swift; sourceTree = "<group>"; };
		50DB21AF1FB3177100F5FDA1 /* CardDetailsSpec.swift */ = {isa = PBXFileReference; lastKnownFileType = sourcecode.swift; path = CardDetailsSpec.swift; sourceTree = "<group>"; };
		50DB21B11FB3177E00F5FDA1 /* ErrorModelSpec.swift */ = {isa = PBXFileReference; lastKnownFileType = sourcecode.swift; path = ErrorModelSpec.swift; sourceTree = "<group>"; };
		50DB21B71FB335A400F5FDA1 /* CVCTextFieldSpec.swift */ = {isa = PBXFileReference; lastKnownFileType = sourcecode.swift; path = CVCTextFieldSpec.swift; sourceTree = "<group>"; };
		50DB21B91FB33AD300F5FDA1 /* DateTextFieldSpec.swift */ = {isa = PBXFileReference; lastKnownFileType = sourcecode.swift; path = DateTextFieldSpec.swift; sourceTree = "<group>"; };
		50DB21BB1FB33C5F00F5FDA1 /* CreditCardNumberTextFieldSpec.swift */ = {isa = PBXFileReference; lastKnownFileType = sourcecode.swift; path = CreditCardNumberTextFieldSpec.swift; sourceTree = "<group>"; };
		50E4AC361FAB825F00D4B90D /* CreditCardControlView.swift */ = {isa = PBXFileReference; lastKnownFileType = sourcecode.swift; path = CreditCardControlView.swift; sourceTree = "<group>"; };
		50EA7C051FABBAA800640B34 /* MainView+Factory.swift */ = {isa = PBXFileReference; lastKnownFileType = sourcecode.swift; path = "MainView+Factory.swift"; sourceTree = "<group>"; };
		50EA7C071FABBB2D00640B34 /* CreditCardControlView+Factory.swift */ = {isa = PBXFileReference; lastKnownFileType = sourcecode.swift; path = "CreditCardControlView+Factory.swift"; sourceTree = "<group>"; };
		50EA7C091FABC87A00640B34 /* ValidationIndicatorView.swift */ = {isa = PBXFileReference; lastKnownFileType = sourcecode.swift; path = ValidationIndicatorView.swift; sourceTree = "<group>"; };
		6F185901AF96FDEDC02E2B8F /* Pods-CCNumberValidatorTests.debug.xcconfig */ = {isa = PBXFileReference; includeInIndex = 1; lastKnownFileType = text.xcconfig; name = "Pods-CCNumberValidatorTests.debug.xcconfig"; path = "Pods/Target Support Files/Pods-CCNumberValidatorTests/Pods-CCNumberValidatorTests.debug.xcconfig"; sourceTree = "<group>"; };
		AA51B36B339A7F20FA887107 /* Pods-CCNumberValidatorTests.release.xcconfig */ = {isa = PBXFileReference; includeInIndex = 1; lastKnownFileType = text.xcconfig; name = "Pods-CCNumberValidatorTests.release.xcconfig"; path = "Pods/Target Support Files/Pods-CCNumberValidatorTests/Pods-CCNumberValidatorTests.release.xcconfig"; sourceTree = "<group>"; };
		D223C191179DDCF8FFD07CA2 /* Pods_CCNumberValidatorTests.framework */ = {isa = PBXFileReference; explicitFileType = wrapper.framework; includeInIndex = 0; path = Pods_CCNumberValidatorTests.framework; sourceTree = BUILT_PRODUCTS_DIR; };
/* End PBXFileReference section */

/* Begin PBXFrameworksBuildPhase section */
		505F5EC71FAA29810093380D /* Frameworks */ = {
			isa = PBXFrameworksBuildPhase;
			buildActionMask = 2147483647;
			files = (
				B4AA73628F3D36F6704E18DF /* Pods_CCNumberValidator.framework in Frameworks */,
			);
			runOnlyForDeploymentPostprocessing = 0;
		};
		505F5EDB1FAA29810093380D /* Frameworks */ = {
			isa = PBXFrameworksBuildPhase;
			buildActionMask = 2147483647;
			files = (
				79EF5EF8FEE92C274CA277DF /* Pods_CCNumberValidatorTests.framework in Frameworks */,
			);
			runOnlyForDeploymentPostprocessing = 0;
		};
/* End PBXFrameworksBuildPhase section */

/* Begin PBXGroup section */
		5003CB2D1FAA875C00D07085 /* Resources */ = {
			isa = PBXGroup;
			children = (
				5003CB301FAAB34000D07085 /* APIKey.plist */,
				505F5ED41FAA29810093380D /* Assets.xcassets */,
				50B5A7A31FAC365400013434 /* Images.xcassets */,
				505F5ED91FAA29810093380D /* Info.plist */,
				505F5ED61FAA29810093380D /* LaunchScreen.storyboard */,
			);
			path = Resources;
			sourceTree = "<group>";
		};
		5003CB321FAABE0600D07085 /* ViewControllers */ = {
			isa = PBXGroup;
			children = (
				505F5ECF1FAA29810093380D /* MainViewController.swift */,
			);
			path = ViewControllers;
			sourceTree = "<group>";
		};
		5003CB341FAABE7400D07085 /* Dependency Injection */ = {
			isa = PBXGroup;
			children = (
				5003CB351FAABEA000D07085 /* Assembler+Assemblies.swift */,
				5003CB371FAABF0400D07085 /* MainAssembly.swift */,
				505DCF691FAF4D960028D880 /* ProvidersAssemply.swift */,
				505DCF6B1FAF4E5F0028D880 /* ServicesAssembly.swift */,
			);
			path = "Dependency Injection";
			sourceTree = "<group>";
		};
		5003CB3D1FAAC38900D07085 /* Views */ = {
			isa = PBXGroup;
			children = (
				50DB21881FB2B0ED00F5FDA1 /* BackgroundView */,
				50DB21871FB2B0E600F5FDA1 /* MainView */,
				50EA7C0B1FAC05D300640B34 /* Subviews */,
			);
			path = Views;
			sourceTree = "<group>";
		};
		501DF94C1FAC9D750075A3EE /* Models */ = {
			isa = PBXGroup;
			children = (
				501DF94D1FAC9D8D0075A3EE /* CardDetails.swift */,
				50DB217D1FB0251700F5FDA1 /* ErrorModel.swift */,
			);
			path = Models;
			sourceTree = "<group>";
		};
		501DF9521FACA3090075A3EE /* Networking */ = {
			isa = PBXGroup;
			children = (
				502904991FAE0C13000E7DFE /* Providers */,
				502904941FAE0A60000E7DFE /* Services */,
			);
			path = Networking;
			sourceTree = "<group>";
		};
		501DF9581FACA5450075A3EE /* Networking */ = {
			isa = PBXGroup;
			children = (
				50DB21AB1FB315E600F5FDA1 /* Services */,
				501DF9591FACA54E0075A3EE /* Deserialization */,
			);
			path = Networking;
			sourceTree = "<group>";
		};
		501DF9591FACA54E0075A3EE /* Deserialization */ = {
			isa = PBXGroup;
			children = (
				501DF95A1FACA57F0075A3EE /* CardDetailsDeserializerSpec.swift */,
			);
			path = Deserialization;
			sourceTree = "<group>";
		};
		502904941FAE0A60000E7DFE /* Services */ = {
			isa = PBXGroup;
			children = (
				502904951FAE0A7E000E7DFE /* CardDetailsService.swift */,
			);
			path = Services;
			sourceTree = "<group>";
		};
		502904991FAE0C13000E7DFE /* Providers */ = {
			isa = PBXGroup;
			children = (
				505DCF671FAF4AB60028D880 /* APIKeyProvider.swift */,
				5029049A1FAE0C26000E7DFE /* URLProvider.swift */,
			);
			path = Providers;
			sourceTree = "<group>";
		};
		50474DD71FAB61A500906551 /* Extensions */ = {
			isa = PBXGroup;
			children = (
				50DB219A1FB3012900F5FDA1 /* CreditCardControlView */,
				50DB219B1FB3014100F5FDA1 /* MainView */,
				50DB218D1FB2C17400F5FDA1 /* MainViewController */,
				50DB219C1FB3018500F5FDA1 /* ValidationIndicatorView */,
				50DB21831FB293A600F5FDA1 /* CardDetailsService+Download.swift */,
				50474DD81FAB61BD00906551 /* ForceCast.swift */,
				50DB21961FB2F68D00F5FDA1 /* String+InsertSeparator.swift */,
				50B5A79F1FAC2B4900013434 /* UIImage+FromColor.swift */,
				50DB21811FB04C0900F5FDA1 /* UITextField+GenerateCCNumber.swift */,
			);
			path = Extensions;
			sourceTree = "<group>";
		};
		50474DDA1FAB66DA00906551 /* Extensions */ = {
			isa = PBXGroup;
			children = (
				50474DDB1FAB66ED00906551 /* ForceCastTests.swift */,
				50DB21A91FB312A800F5FDA1 /* String_InsertSeparatorSpec.swift */,
			);
			path = Extensions;
			sourceTree = "<group>";
		};
		505F5EC11FAA29810093380D = {
			isa = PBXGroup;
			children = (
				978D9A754D76FF00DCEA4C78 /* Frameworks */,
				639F2B2443CB5190CE40648C /* Pods */,
				505F5ECB1FAA29810093380D /* Products */,
				5003CB2D1FAA875C00D07085 /* Resources */,
				505F5ECC1FAA29810093380D /* Sources */,
				505F5EE11FAA29810093380D /* Tests */,
			);
			sourceTree = "<group>";
		};
		505F5ECB1FAA29810093380D /* Products */ = {
			isa = PBXGroup;
			children = (
				505F5ECA1FAA29810093380D /* CCNumberValidator.app */,
				505F5EDE1FAA29810093380D /* CCNumberValidatorTests.xctest */,
			);
			name = Products;
			sourceTree = "<group>";
		};
		505F5ECC1FAA29810093380D /* Sources */ = {
			isa = PBXGroup;
			children = (
				5003CB341FAABE7400D07085 /* Dependency Injection */,
				50474DD71FAB61A500906551 /* Extensions */,
				501DF94C1FAC9D750075A3EE /* Models */,
				501DF9521FACA3090075A3EE /* Networking */,
				5003CB321FAABE0600D07085 /* ViewControllers */,
				5003CB3D1FAAC38900D07085 /* Views */,
				505F5ECD1FAA29810093380D /* AppDelegate.swift */,
			);
			path = Sources;
			sourceTree = "<group>";
		};
		505F5EE11FAA29810093380D /* Tests */ = {
			isa = PBXGroup;
			children = (
				50DB21B31FB3355C00F5FDA1 /* Views */,
				50DB21AE1FB3175100F5FDA1 /* Models */,
				50DB21A01FB309E700F5FDA1 /* Controllers */,
				50474DDA1FAB66DA00906551 /* Extensions */,
				50DB21A61FB30C5E00F5FDA1 /* Mocks */,
				501DF9581FACA5450075A3EE /* Networking */,
				50DB21A31FB30B8E00F5FDA1 /* Stubs */,
				5003CB391FAAC1B200D07085 /* AppDelegateSpec.swift */,
				505F5EE41FAA29810093380D /* Info.plist */,
			);
			path = Tests;
			sourceTree = "<group>";
		};
		50B5A7AA1FAC3F7400013434 /* ValidationIndicator */ = {
			isa = PBXGroup;
			children = (
				50EA7C091FABC87A00640B34 /* ValidationIndicatorView.swift */,
			);
			path = ValidationIndicator;
			sourceTree = "<group>";
		};
		50B5A7AB1FAC3F8800013434 /* CreditCardControl */ = {
			isa = PBXGroup;
			children = (
				50DB218F1FB2E95600F5FDA1 /* TextFields */,
				50E4AC361FAB825F00D4B90D /* CreditCardControlView.swift */,
			);
			path = CreditCardControl;
			sourceTree = "<group>";
		};
		50DB21871FB2B0E600F5FDA1 /* MainView */ = {
			isa = PBXGroup;
			children = (
				5003CB3B1FAAC2AB00D07085 /* MainView.swift */,
			);
			path = MainView;
			sourceTree = "<group>";
		};
		50DB21881FB2B0ED00F5FDA1 /* BackgroundView */ = {
			isa = PBXGroup;
			children = (
				50B5A7A11FAC2FB200013434 /* BackgroundView.swift */,
			);
			path = BackgroundView;
			sourceTree = "<group>";
		};
		50DB218D1FB2C17400F5FDA1 /* MainViewController */ = {
			isa = PBXGroup;
			children = (
				50DB21891FB2BEDA00F5FDA1 /* MainViewController+Delegates.swift */,
				50DB218B1FB2BFE300F5FDA1 /* MainViewController+Service.swift */,
				50DB217F1FB0401C00F5FDA1 /* MainViewController+Validations.swift */,
			);
			path = MainViewController;
			sourceTree = "<group>";
		};
		50DB218F1FB2E95600F5FDA1 /* TextFields */ = {
			isa = PBXGroup;
			children = (
				50DB21901FB2E96900F5FDA1 /* CVCTextField.swift */,
				50DB21941FB2F0D500F5FDA1 /* CreditCardNumberTextField.swift */,
				50DB21921FB2EDBB00F5FDA1 /* DateTextField.swift */,
			);
			path = TextFields;
			sourceTree = "<group>";
		};
		50DB219A1FB3012900F5FDA1 /* CreditCardControlView */ = {
			isa = PBXGroup;
			children = (
				50EA7C071FABBB2D00640B34 /* CreditCardControlView+Factory.swift */,
				50DB21981FB2FF8400F5FDA1 /* CreditCardControlView+Responders.swift */,
			);
			path = CreditCardControlView;
			sourceTree = "<group>";
		};
		50DB219B1FB3014100F5FDA1 /* MainView */ = {
			isa = PBXGroup;
			children = (
				50DB21851FB2AD2700F5FDA1 /* MainView+Autolayout.swift */,
				50EA7C051FABBAA800640B34 /* MainView+Factory.swift */,
			);
			path = MainView;
			sourceTree = "<group>";
		};
		50DB219C1FB3018500F5FDA1 /* ValidationIndicatorView */ = {
			isa = PBXGroup;
			children = (
				50B5A7AC1FAC418D00013434 /* ValidationIndicatorView+Factory.swift */,
				50B5A7A71FAC3D2D00013434 /* ValidationIndicatorView+Type.swift */,
			);
			path = ValidationIndicatorView;
			sourceTree = "<group>";
		};
		50DB21A01FB309E700F5FDA1 /* Controllers */ = {
			isa = PBXGroup;
			children = (
				50DB21A11FB30A1100F5FDA1 /* MainViewControllerSpec.swift */,
			);
			path = Controllers;
			sourceTree = "<group>";
		};
		50DB21A31FB30B8E00F5FDA1 /* Stubs */ = {
			isa = PBXGroup;
			children = (
				50DB21A41FB30BC400F5FDA1 /* CardDetailsServiceStub.swift */,
			);
			path = Stubs;
			sourceTree = "<group>";
		};
		50DB21A61FB30C5E00F5FDA1 /* Mocks */ = {
			isa = PBXGroup;
			children = (
				50DB21A71FB30C6800F5FDA1 /* MainViewControllerMock.swift */,
			);
			path = Mocks;
			sourceTree = "<group>";
		};
		50DB21AB1FB315E600F5FDA1 /* Services */ = {
			isa = PBXGroup;
			children = (
				50DB21AC1FB3160900F5FDA1 /* CardDetailsServiceSpec.swift */,
			);
			path = Services;
			sourceTree = "<group>";
		};
		50DB21AE1FB3175100F5FDA1 /* Models */ = {
			isa = PBXGroup;
			children = (
				50DB21AF1FB3177100F5FDA1 /* CardDetailsSpec.swift */,
				50DB21B11FB3177E00F5FDA1 /* ErrorModelSpec.swift */,
			);
			path = Models;
			sourceTree = "<group>";
		};
		50DB21B31FB3355C00F5FDA1 /* Views */ = {
			isa = PBXGroup;
			children = (
				50DB21B41FB3356800F5FDA1 /* Subviews */,
			);
			path = Views;
			sourceTree = "<group>";
		};
		50DB21B41FB3356800F5FDA1 /* Subviews */ = {
			isa = PBXGroup;
			children = (
				50DB21B51FB3357B00F5FDA1 /* CreditCardControl */,
			);
			path = Subviews;
			sourceTree = "<group>";
		};
		50DB21B51FB3357B00F5FDA1 /* CreditCardControl */ = {
			isa = PBXGroup;
			children = (
				50DB21B61FB3358B00F5FDA1 /* TextFields */,
			);
			path = CreditCardControl;
			sourceTree = "<group>";
		};
		50DB21B61FB3358B00F5FDA1 /* TextFields */ = {
			isa = PBXGroup;
			children = (
				50DB21B71FB335A400F5FDA1 /* CVCTextFieldSpec.swift */,
				50DB21B91FB33AD300F5FDA1 /* DateTextFieldSpec.swift */,
				50DB21BB1FB33C5F00F5FDA1 /* CreditCardNumberTextFieldSpec.swift */,
			);
			path = TextFields;
			sourceTree = "<group>";
		};
		50EA7C0B1FAC05D300640B34 /* Subviews */ = {
			isa = PBXGroup;
			children = (
				50B5A7AB1FAC3F8800013434 /* CreditCardControl */,
				50B5A7AA1FAC3F7400013434 /* ValidationIndicator */,
				50B5A79D1FAC290C00013434 /* CustomButton.swift */,
			);
			path = Subviews;
			sourceTree = "<group>";
		};
		639F2B2443CB5190CE40648C /* Pods */ = {
			isa = PBXGroup;
			children = (
				480E1B11812DCCE5E1B0CA93 /* Pods-CCNumberValidator.debug.xcconfig */,
				196728729996C134754603A8 /* Pods-CCNumberValidator.release.xcconfig */,
				6F185901AF96FDEDC02E2B8F /* Pods-CCNumberValidatorTests.debug.xcconfig */,
				AA51B36B339A7F20FA887107 /* Pods-CCNumberValidatorTests.release.xcconfig */,
			);
			name = Pods;
			sourceTree = "<group>";
		};
		978D9A754D76FF00DCEA4C78 /* Frameworks */ = {
			isa = PBXGroup;
			children = (
				295ABC66CFF27B7E3F0C5063 /* Pods_CCNumberValidator.framework */,
				D223C191179DDCF8FFD07CA2 /* Pods_CCNumberValidatorTests.framework */,
			);
			name = Frameworks;
			sourceTree = "<group>";
		};
/* End PBXGroup section */

/* Begin PBXNativeTarget section */
		505F5EC91FAA29810093380D /* CCNumberValidator */ = {
			isa = PBXNativeTarget;
			buildConfigurationList = 505F5EE71FAA29810093380D /* Build configuration list for PBXNativeTarget "CCNumberValidator" */;
			buildPhases = (
				F1E0B0E9AF5BB10EC1A4F65C /* [CP] Check Pods Manifest.lock */,
				505F5EC61FAA29810093380D /* Sources */,
				5003CB2F1FAA932100D07085 /* [SwiftLint] for Sources */,
				505F5EC71FAA29810093380D /* Frameworks */,
				505F5EC81FAA29810093380D /* Resources */,
				6E75607924BC737AD76CB394 /* [CP] Embed Pods Frameworks */,
				2752FDD7F79B8D946C7039BB /* [CP] Copy Pods Resources */,
			);
			buildRules = (
			);
			dependencies = (
			);
			name = CCNumberValidator;
			productName = CCNumberValidator;
			productReference = 505F5ECA1FAA29810093380D /* CCNumberValidator.app */;
			productType = "com.apple.product-type.application";
		};
		505F5EDD1FAA29810093380D /* CCNumberValidatorTests */ = {
			isa = PBXNativeTarget;
			buildConfigurationList = 505F5EEA1FAA29810093380D /* Build configuration list for PBXNativeTarget "CCNumberValidatorTests" */;
			buildPhases = (
				80FE0A61D6D7A54F7A92AC59 /* [CP] Check Pods Manifest.lock */,
				505F5EDA1FAA29810093380D /* Sources */,
				505F5EDB1FAA29810093380D /* Frameworks */,
				505F5EDC1FAA29810093380D /* Resources */,
				7330F52A134CB7173ED55FA5 /* [CP] Embed Pods Frameworks */,
				3BF6FA9981E726B17C672982 /* [CP] Copy Pods Resources */,
				5003CB2E1FAA930900D07085 /* [SwiftLint] for Tests */,
			);
			buildRules = (
			);
			dependencies = (
				505F5EE01FAA29810093380D /* PBXTargetDependency */,
			);
			name = CCNumberValidatorTests;
			productName = CCNumberValidatorTests;
			productReference = 505F5EDE1FAA29810093380D /* CCNumberValidatorTests.xctest */;
			productType = "com.apple.product-type.bundle.unit-test";
		};
/* End PBXNativeTarget section */

/* Begin PBXProject section */
		505F5EC21FAA29810093380D /* Project object */ = {
			isa = PBXProject;
			attributes = {
				LastSwiftUpdateCheck = 0910;
				LastUpgradeCheck = 0910;
				ORGANIZATIONNAME = "M-Code";
				TargetAttributes = {
					505F5EC91FAA29810093380D = {
						CreatedOnToolsVersion = 9.1;
						ProvisioningStyle = Automatic;
					};
					505F5EDD1FAA29810093380D = {
						CreatedOnToolsVersion = 9.1;
						LastSwiftMigration = 0910;
						ProvisioningStyle = Automatic;
						TestTargetID = 505F5EC91FAA29810093380D;
					};
				};
			};
			buildConfigurationList = 505F5EC51FAA29810093380D /* Build configuration list for PBXProject "CCNumberValidator" */;
			compatibilityVersion = "Xcode 8.0";
			developmentRegion = en;
			hasScannedForEncodings = 0;
			knownRegions = (
				en,
				Base,
			);
			mainGroup = 505F5EC11FAA29810093380D;
			productRefGroup = 505F5ECB1FAA29810093380D /* Products */;
			projectDirPath = "";
			projectRoot = "";
			targets = (
				505F5EC91FAA29810093380D /* CCNumberValidator */,
				505F5EDD1FAA29810093380D /* CCNumberValidatorTests */,
			);
		};
/* End PBXProject section */

/* Begin PBXResourcesBuildPhase section */
		505F5EC81FAA29810093380D /* Resources */ = {
			isa = PBXResourcesBuildPhase;
			buildActionMask = 2147483647;
			files = (
				5003CB311FAAB34100D07085 /* APIKey.plist in Resources */,
				50B5A7A41FAC365400013434 /* Images.xcassets in Resources */,
				505F5ED81FAA29810093380D /* LaunchScreen.storyboard in Resources */,
				505F5ED51FAA29810093380D /* Assets.xcassets in Resources */,
			);
			runOnlyForDeploymentPostprocessing = 0;
		};
		505F5EDC1FAA29810093380D /* Resources */ = {
			isa = PBXResourcesBuildPhase;
			buildActionMask = 2147483647;
			files = (
			);
			runOnlyForDeploymentPostprocessing = 0;
		};
/* End PBXResourcesBuildPhase section */

/* Begin PBXShellScriptBuildPhase section */
		2752FDD7F79B8D946C7039BB /* [CP] Copy Pods Resources */ = {
			isa = PBXShellScriptBuildPhase;
			buildActionMask = 2147483647;
			files = (
			);
			inputPaths = (
			);
			name = "[CP] Copy Pods Resources";
			outputPaths = (
			);
			runOnlyForDeploymentPostprocessing = 0;
			shellPath = /bin/sh;
			shellScript = "\"${SRCROOT}/Pods/Target Support Files/Pods-CCNumberValidator/Pods-CCNumberValidator-resources.sh\"\n";
			showEnvVarsInLog = 0;
		};
		3BF6FA9981E726B17C672982 /* [CP] Copy Pods Resources */ = {
			isa = PBXShellScriptBuildPhase;
			buildActionMask = 2147483647;
			files = (
			);
			inputPaths = (
			);
			name = "[CP] Copy Pods Resources";
			outputPaths = (
			);
			runOnlyForDeploymentPostprocessing = 0;
			shellPath = /bin/sh;
			shellScript = "\"${SRCROOT}/Pods/Target Support Files/Pods-CCNumberValidatorTests/Pods-CCNumberValidatorTests-resources.sh\"\n";
			showEnvVarsInLog = 0;
		};
		5003CB2E1FAA930900D07085 /* [SwiftLint] for Tests */ = {
			isa = PBXShellScriptBuildPhase;
			buildActionMask = 2147483647;
			files = (
			);
			inputPaths = (
			);
			name = "[SwiftLint] for Tests";
			outputPaths = (
			);
			runOnlyForDeploymentPostprocessing = 0;
			shellPath = /bin/sh;
			shellScript = "if [ “$CI” = “true” ]; then\necho “Skipping SwiftLint on CI”\nexit 0\nfi\n\ncd Tests; ${PODS_ROOT}/SwiftLint/swiftlint";
		};
		5003CB2F1FAA932100D07085 /* [SwiftLint] for Sources */ = {
			isa = PBXShellScriptBuildPhase;
			buildActionMask = 2147483647;
			files = (
			);
			inputPaths = (
			);
			name = "[SwiftLint] for Sources";
			outputPaths = (
			);
			runOnlyForDeploymentPostprocessing = 0;
			shellPath = /bin/sh;
			shellScript = "if [ “$CI” = “true” ]; then\necho “Skipping SwiftLint on CI”\nexit 0\nfi\n\ncd Sources; ${PODS_ROOT}/SwiftLint/swiftlint";
		};
		6E75607924BC737AD76CB394 /* [CP] Embed Pods Frameworks */ = {
			isa = PBXShellScriptBuildPhase;
			buildActionMask = 2147483647;
			files = (
			);
			inputPaths = (
				"${SRCROOT}/Pods/Target Support Files/Pods-CCNumberValidator/Pods-CCNumberValidator-frameworks.sh",
				"${BUILT_PRODUCTS_DIR}/HexColors/HexColors.framework",
				"${BUILT_PRODUCTS_DIR}/IHKeyboardAvoiding/IHKeyboardAvoiding.framework",
				"${BUILT_PRODUCTS_DIR}/Pastel/Pastel.framework",
				"${BUILT_PRODUCTS_DIR}/PromiseKit/PromiseKit.framework",
				"${PODS_ROOT}/Reveal-SDK/RevealServer-11/iOS/RevealServer.framework",
				"${BUILT_PRODUCTS_DIR}/SnapKit/SnapKit.framework",
				"${BUILT_PRODUCTS_DIR}/Swinject/Swinject.framework",
				"${BUILT_PRODUCTS_DIR}/SwinjectAutoregistration/SwinjectAutoregistration.framework",
			);
			name = "[CP] Embed Pods Frameworks";
			outputPaths = (
				"${TARGET_BUILD_DIR}/${FRAMEWORKS_FOLDER_PATH}/HexColors.framework",
				"${TARGET_BUILD_DIR}/${FRAMEWORKS_FOLDER_PATH}/IHKeyboardAvoiding.framework",
				"${TARGET_BUILD_DIR}/${FRAMEWORKS_FOLDER_PATH}/Pastel.framework",
				"${TARGET_BUILD_DIR}/${FRAMEWORKS_FOLDER_PATH}/PromiseKit.framework",
				"${TARGET_BUILD_DIR}/${FRAMEWORKS_FOLDER_PATH}/RevealServer.framework",
				"${TARGET_BUILD_DIR}/${FRAMEWORKS_FOLDER_PATH}/SnapKit.framework",
				"${TARGET_BUILD_DIR}/${FRAMEWORKS_FOLDER_PATH}/Swinject.framework",
				"${TARGET_BUILD_DIR}/${FRAMEWORKS_FOLDER_PATH}/SwinjectAutoregistration.framework",
			);
			runOnlyForDeploymentPostprocessing = 0;
			shellPath = /bin/sh;
			shellScript = "\"${SRCROOT}/Pods/Target Support Files/Pods-CCNumberValidator/Pods-CCNumberValidator-frameworks.sh\"\n";
			showEnvVarsInLog = 0;
		};
		7330F52A134CB7173ED55FA5 /* [CP] Embed Pods Frameworks */ = {
			isa = PBXShellScriptBuildPhase;
			buildActionMask = 2147483647;
			files = (
			);
			inputPaths = (
				"${SRCROOT}/Pods/Target Support Files/Pods-CCNumberValidatorTests/Pods-CCNumberValidatorTests-frameworks.sh",
				"${BUILT_PRODUCTS_DIR}/FBSnapshotTestCase/FBSnapshotTestCase.framework",
				"${BUILT_PRODUCTS_DIR}/Nimble/Nimble.framework",
				"${BUILT_PRODUCTS_DIR}/Nimble-Snapshots/Nimble_Snapshots.framework",
				"${BUILT_PRODUCTS_DIR}/Quick/Quick.framework",
			);
			name = "[CP] Embed Pods Frameworks";
			outputPaths = (
				"${TARGET_BUILD_DIR}/${FRAMEWORKS_FOLDER_PATH}/FBSnapshotTestCase.framework",
				"${TARGET_BUILD_DIR}/${FRAMEWORKS_FOLDER_PATH}/Nimble.framework",
				"${TARGET_BUILD_DIR}/${FRAMEWORKS_FOLDER_PATH}/Nimble_Snapshots.framework",
				"${TARGET_BUILD_DIR}/${FRAMEWORKS_FOLDER_PATH}/Quick.framework",
			);
			runOnlyForDeploymentPostprocessing = 0;
			shellPath = /bin/sh;
			shellScript = "\"${SRCROOT}/Pods/Target Support Files/Pods-CCNumberValidatorTests/Pods-CCNumberValidatorTests-frameworks.sh\"\n";
			showEnvVarsInLog = 0;
		};
		80FE0A61D6D7A54F7A92AC59 /* [CP] Check Pods Manifest.lock */ = {
			isa = PBXShellScriptBuildPhase;
			buildActionMask = 2147483647;
			files = (
			);
			inputPaths = (
				"${PODS_PODFILE_DIR_PATH}/Podfile.lock",
				"${PODS_ROOT}/Manifest.lock",
			);
			name = "[CP] Check Pods Manifest.lock";
			outputPaths = (
				"$(DERIVED_FILE_DIR)/Pods-CCNumberValidatorTests-checkManifestLockResult.txt",
			);
			runOnlyForDeploymentPostprocessing = 0;
			shellPath = /bin/sh;
			shellScript = "diff \"${PODS_PODFILE_DIR_PATH}/Podfile.lock\" \"${PODS_ROOT}/Manifest.lock\" > /dev/null\nif [ $? != 0 ] ; then\n    # print error to STDERR\n    echo \"error: The sandbox is not in sync with the Podfile.lock. Run 'pod install' or update your CocoaPods installation.\" >&2\n    exit 1\nfi\n# This output is used by Xcode 'outputs' to avoid re-running this script phase.\necho \"SUCCESS\" > \"${SCRIPT_OUTPUT_FILE_0}\"\n";
			showEnvVarsInLog = 0;
		};
		F1E0B0E9AF5BB10EC1A4F65C /* [CP] Check Pods Manifest.lock */ = {
			isa = PBXShellScriptBuildPhase;
			buildActionMask = 2147483647;
			files = (
			);
			inputPaths = (
				"${PODS_PODFILE_DIR_PATH}/Podfile.lock",
				"${PODS_ROOT}/Manifest.lock",
			);
			name = "[CP] Check Pods Manifest.lock";
			outputPaths = (
				"$(DERIVED_FILE_DIR)/Pods-CCNumberValidator-checkManifestLockResult.txt",
			);
			runOnlyForDeploymentPostprocessing = 0;
			shellPath = /bin/sh;
			shellScript = "diff \"${PODS_PODFILE_DIR_PATH}/Podfile.lock\" \"${PODS_ROOT}/Manifest.lock\" > /dev/null\nif [ $? != 0 ] ; then\n    # print error to STDERR\n    echo \"error: The sandbox is not in sync with the Podfile.lock. Run 'pod install' or update your CocoaPods installation.\" >&2\n    exit 1\nfi\n# This output is used by Xcode 'outputs' to avoid re-running this script phase.\necho \"SUCCESS\" > \"${SCRIPT_OUTPUT_FILE_0}\"\n";
			showEnvVarsInLog = 0;
		};
/* End PBXShellScriptBuildPhase section */

/* Begin PBXSourcesBuildPhase section */
		505F5EC61FAA29810093380D /* Sources */ = {
			isa = PBXSourcesBuildPhase;
			buildActionMask = 2147483647;
			files = (
				5003CB361FAABEA000D07085 /* Assembler+Assemblies.swift in Sources */,
				50DB21951FB2F0D500F5FDA1 /* CreditCardNumberTextField.swift in Sources */,
				50B5A7AD1FAC418D00013434 /* ValidationIndicatorView+Factory.swift in Sources */,
				505DCF681FAF4AB60028D880 /* APIKeyProvider.swift in Sources */,
				5029049B1FAE0C26000E7DFE /* URLProvider.swift in Sources */,
				50DB21931FB2EDBB00F5FDA1 /* DateTextField.swift in Sources */,
				50DB21801FB0401C00F5FDA1 /* MainViewController+Validations.swift in Sources */,
				505DCF6A1FAF4D960028D880 /* ProvidersAssemply.swift in Sources */,
				505F5ED01FAA29810093380D /* MainViewController.swift in Sources */,
				50B5A7A21FAC2FB200013434 /* BackgroundView.swift in Sources */,
				50EA7C081FABBB2D00640B34 /* CreditCardControlView+Factory.swift in Sources */,
				50DB21841FB293A600F5FDA1 /* CardDetailsService+Download.swift in Sources */,
				50DB21971FB2F68D00F5FDA1 /* String+InsertSeparator.swift in Sources */,
				50DB217E1FB0251700F5FDA1 /* ErrorModel.swift in Sources */,
				50DB21861FB2AD2700F5FDA1 /* MainView+Autolayout.swift in Sources */,
				50EA7C0A1FABC87A00640B34 /* ValidationIndicatorView.swift in Sources */,
				50DB218A1FB2BEDA00F5FDA1 /* MainViewController+Delegates.swift in Sources */,
				5003CB381FAABF0400D07085 /* MainAssembly.swift in Sources */,
				50E4AC371FAB825F00D4B90D /* CreditCardControlView.swift in Sources */,
				50DB21821FB04C0900F5FDA1 /* UITextField+GenerateCCNumber.swift in Sources */,
				50EA7C061FABBAA800640B34 /* MainView+Factory.swift in Sources */,
				50B5A79E1FAC290C00013434 /* CustomButton.swift in Sources */,
				50DB21911FB2E96900F5FDA1 /* CVCTextField.swift in Sources */,
				5003CB3C1FAAC2AB00D07085 /* MainView.swift in Sources */,
				50DB21991FB2FF8400F5FDA1 /* CreditCardControlView+Responders.swift in Sources */,
				50DB218C1FB2BFE300F5FDA1 /* MainViewController+Service.swift in Sources */,
				505DCF6C1FAF4E5F0028D880 /* ServicesAssembly.swift in Sources */,
				50B5A7A01FAC2B4900013434 /* UIImage+FromColor.swift in Sources */,
				501DF94E1FAC9D8D0075A3EE /* CardDetails.swift in Sources */,
				502904961FAE0A7E000E7DFE /* CardDetailsService.swift in Sources */,
				50474DD91FAB61BD00906551 /* ForceCast.swift in Sources */,
				50B5A7A81FAC3D2D00013434 /* ValidationIndicatorView+Type.swift in Sources */,
				505F5ECE1FAA29810093380D /* AppDelegate.swift in Sources */,
			);
			runOnlyForDeploymentPostprocessing = 0;
		};
		505F5EDA1FAA29810093380D /* Sources */ = {
			isa = PBXSourcesBuildPhase;
			buildActionMask = 2147483647;
			files = (
				50DB21BA1FB33AD300F5FDA1 /* DateTextFieldSpec.swift in Sources */,
				50DB21A51FB30BC400F5FDA1 /* CardDetailsServiceStub.swift in Sources */,
				50DB21BC1FB33C5F00F5FDA1 /* CreditCardNumberTextFieldSpec.swift in Sources */,
				50DB21AA1FB312A800F5FDA1 /* String_InsertSeparatorSpec.swift in Sources */,
				50DB21A81FB30C6800F5FDA1 /* MainViewControllerMock.swift in Sources */,
				50DB21AD1FB3160900F5FDA1 /* CardDetailsServiceSpec.swift in Sources */,
				50F616921FAB68860093D23E /* ForceCastTests.swift in Sources */,
				5003CB3A1FAAC1B200D07085 /* AppDelegateSpec.swift in Sources */,
				50DB21A21FB30A1100F5FDA1 /* MainViewControllerSpec.swift in Sources */,
				501DF95B1FACA57F0075A3EE /* CardDetailsDeserializerSpec.swift in Sources */,
				50DB21B01FB3177100F5FDA1 /* CardDetailsSpec.swift in Sources */,
				50DB21B81FB335A400F5FDA1 /* CVCTextFieldSpec.swift in Sources */,
				50DB21B21FB3177E00F5FDA1 /* ErrorModelSpec.swift in Sources */,
			);
			runOnlyForDeploymentPostprocessing = 0;
		};
/* End PBXSourcesBuildPhase section */

/* Begin PBXTargetDependency section */
		505F5EE01FAA29810093380D /* PBXTargetDependency */ = {
			isa = PBXTargetDependency;
			target = 505F5EC91FAA29810093380D /* CCNumberValidator */;
			targetProxy = 505F5EDF1FAA29810093380D /* PBXContainerItemProxy */;
		};
/* End PBXTargetDependency section */

/* Begin PBXVariantGroup section */
		505F5ED61FAA29810093380D /* LaunchScreen.storyboard */ = {
			isa = PBXVariantGroup;
			children = (
				505F5ED71FAA29810093380D /* Base */,
			);
			name = LaunchScreen.storyboard;
			path = .;
			sourceTree = "<group>";
		};
/* End PBXVariantGroup section */

/* Begin XCBuildConfiguration section */
		505F5EE51FAA29810093380D /* Debug */ = {
			isa = XCBuildConfiguration;
			buildSettings = {
				ALWAYS_SEARCH_USER_PATHS = NO;
				CLANG_ANALYZER_NONNULL = YES;
				CLANG_ANALYZER_NUMBER_OBJECT_CONVERSION = YES_AGGRESSIVE;
				CLANG_CXX_LANGUAGE_STANDARD = "gnu++14";
				CLANG_CXX_LIBRARY = "libc++";
				CLANG_ENABLE_MODULES = YES;
				CLANG_ENABLE_OBJC_ARC = YES;
				CLANG_WARN_BLOCK_CAPTURE_AUTORELEASING = YES;
				CLANG_WARN_BOOL_CONVERSION = YES;
				CLANG_WARN_COMMA = YES;
				CLANG_WARN_CONSTANT_CONVERSION = YES;
				CLANG_WARN_DIRECT_OBJC_ISA_USAGE = YES_ERROR;
				CLANG_WARN_DOCUMENTATION_COMMENTS = YES;
				CLANG_WARN_EMPTY_BODY = YES;
				CLANG_WARN_ENUM_CONVERSION = YES;
				CLANG_WARN_INFINITE_RECURSION = YES;
				CLANG_WARN_INT_CONVERSION = YES;
				CLANG_WARN_NON_LITERAL_NULL_CONVERSION = YES;
				CLANG_WARN_OBJC_LITERAL_CONVERSION = YES;
				CLANG_WARN_OBJC_ROOT_CLASS = YES_ERROR;
				CLANG_WARN_RANGE_LOOP_ANALYSIS = YES;
				CLANG_WARN_STRICT_PROTOTYPES = YES;
				CLANG_WARN_SUSPICIOUS_MOVE = YES;
				CLANG_WARN_UNGUARDED_AVAILABILITY = YES_AGGRESSIVE;
				CLANG_WARN_UNREACHABLE_CODE = YES;
				CLANG_WARN__DUPLICATE_METHOD_MATCH = YES;
				CODE_SIGN_IDENTITY = "iPhone Developer";
				COPY_PHASE_STRIP = NO;
				DEBUG_INFORMATION_FORMAT = dwarf;
				ENABLE_STRICT_OBJC_MSGSEND = YES;
				ENABLE_TESTABILITY = YES;
				GCC_C_LANGUAGE_STANDARD = gnu11;
				GCC_DYNAMIC_NO_PIC = NO;
				GCC_NO_COMMON_BLOCKS = YES;
				GCC_OPTIMIZATION_LEVEL = 0;
				GCC_PREPROCESSOR_DEFINITIONS = (
					"DEBUG=1",
					"$(inherited)",
				);
				GCC_WARN_64_TO_32_BIT_CONVERSION = YES;
				GCC_WARN_ABOUT_RETURN_TYPE = YES_ERROR;
				GCC_WARN_UNDECLARED_SELECTOR = YES;
				GCC_WARN_UNINITIALIZED_AUTOS = YES_AGGRESSIVE;
				GCC_WARN_UNUSED_FUNCTION = YES;
				GCC_WARN_UNUSED_VARIABLE = YES;
				INFOPLIST_FILE = "";
				IPHONEOS_DEPLOYMENT_TARGET = 11.1;
				MTL_ENABLE_DEBUG_INFO = YES;
				ONLY_ACTIVE_ARCH = YES;
				SDKROOT = iphoneos;
				SWIFT_ACTIVE_COMPILATION_CONDITIONS = DEBUG;
				SWIFT_OPTIMIZATION_LEVEL = "-Onone";
			};
			name = Debug;
		};
		505F5EE61FAA29810093380D /* Release */ = {
			isa = XCBuildConfiguration;
			buildSettings = {
				ALWAYS_SEARCH_USER_PATHS = NO;
				CLANG_ANALYZER_NONNULL = YES;
				CLANG_ANALYZER_NUMBER_OBJECT_CONVERSION = YES_AGGRESSIVE;
				CLANG_CXX_LANGUAGE_STANDARD = "gnu++14";
				CLANG_CXX_LIBRARY = "libc++";
				CLANG_ENABLE_MODULES = YES;
				CLANG_ENABLE_OBJC_ARC = YES;
				CLANG_WARN_BLOCK_CAPTURE_AUTORELEASING = YES;
				CLANG_WARN_BOOL_CONVERSION = YES;
				CLANG_WARN_COMMA = YES;
				CLANG_WARN_CONSTANT_CONVERSION = YES;
				CLANG_WARN_DIRECT_OBJC_ISA_USAGE = YES_ERROR;
				CLANG_WARN_DOCUMENTATION_COMMENTS = YES;
				CLANG_WARN_EMPTY_BODY = YES;
				CLANG_WARN_ENUM_CONVERSION = YES;
				CLANG_WARN_INFINITE_RECURSION = YES;
				CLANG_WARN_INT_CONVERSION = YES;
				CLANG_WARN_NON_LITERAL_NULL_CONVERSION = YES;
				CLANG_WARN_OBJC_LITERAL_CONVERSION = YES;
				CLANG_WARN_OBJC_ROOT_CLASS = YES_ERROR;
				CLANG_WARN_RANGE_LOOP_ANALYSIS = YES;
				CLANG_WARN_STRICT_PROTOTYPES = YES;
				CLANG_WARN_SUSPICIOUS_MOVE = YES;
				CLANG_WARN_UNGUARDED_AVAILABILITY = YES_AGGRESSIVE;
				CLANG_WARN_UNREACHABLE_CODE = YES;
				CLANG_WARN__DUPLICATE_METHOD_MATCH = YES;
				CODE_SIGN_IDENTITY = "iPhone Developer";
				COPY_PHASE_STRIP = NO;
				DEBUG_INFORMATION_FORMAT = "dwarf-with-dsym";
				ENABLE_NS_ASSERTIONS = NO;
				ENABLE_STRICT_OBJC_MSGSEND = YES;
				GCC_C_LANGUAGE_STANDARD = gnu11;
				GCC_NO_COMMON_BLOCKS = YES;
				GCC_WARN_64_TO_32_BIT_CONVERSION = YES;
				GCC_WARN_ABOUT_RETURN_TYPE = YES_ERROR;
				GCC_WARN_UNDECLARED_SELECTOR = YES;
				GCC_WARN_UNINITIALIZED_AUTOS = YES_AGGRESSIVE;
				GCC_WARN_UNUSED_FUNCTION = YES;
				GCC_WARN_UNUSED_VARIABLE = YES;
				INFOPLIST_FILE = "";
				IPHONEOS_DEPLOYMENT_TARGET = 11.1;
				MTL_ENABLE_DEBUG_INFO = NO;
				SDKROOT = iphoneos;
				SWIFT_OPTIMIZATION_LEVEL = "-Owholemodule";
				VALIDATE_PRODUCT = YES;
			};
			name = Release;
		};
		505F5EE81FAA29810093380D /* Debug */ = {
			isa = XCBuildConfiguration;
			baseConfigurationReference = 480E1B11812DCCE5E1B0CA93 /* Pods-CCNumberValidator.debug.xcconfig */;
			buildSettings = {
				ALWAYS_EMBED_SWIFT_STANDARD_LIBRARIES = "$(inherited)";
				ASSETCATALOG_COMPILER_APPICON_NAME = AppIcon;
				CODE_SIGN_STYLE = Automatic;
				DEVELOPMENT_TEAM = 45Z84TYU2C;
				INFOPLIST_FILE = Resources/Info.plist;
				IPHONEOS_DEPLOYMENT_TARGET = 9.3;
				LD_RUNPATH_SEARCH_PATHS = "$(inherited) @executable_path/Frameworks";
				PRODUCT_BUNDLE_IDENTIFIER = "pl.M-Code.CCNumberValidator";
				PRODUCT_NAME = "$(TARGET_NAME)";
				SWIFT_VERSION = 4.0;
				TARGETED_DEVICE_FAMILY = 1;
			};
			name = Debug;
		};
		505F5EE91FAA29810093380D /* Release */ = {
			isa = XCBuildConfiguration;
			baseConfigurationReference = 196728729996C134754603A8 /* Pods-CCNumberValidator.release.xcconfig */;
			buildSettings = {
				ALWAYS_EMBED_SWIFT_STANDARD_LIBRARIES = "$(inherited)";
				ASSETCATALOG_COMPILER_APPICON_NAME = AppIcon;
				CODE_SIGN_STYLE = Automatic;
				DEVELOPMENT_TEAM = 45Z84TYU2C;
				INFOPLIST_FILE = Resources/Info.plist;
				IPHONEOS_DEPLOYMENT_TARGET = 9.3;
				LD_RUNPATH_SEARCH_PATHS = "$(inherited) @executable_path/Frameworks";
				PRODUCT_BUNDLE_IDENTIFIER = "pl.M-Code.CCNumberValidator";
				PRODUCT_NAME = "$(TARGET_NAME)";
				SWIFT_VERSION = 4.0;
				TARGETED_DEVICE_FAMILY = 1;
			};
			name = Release;
		};
		505F5EEB1FAA29810093380D /* Debug */ = {
			isa = XCBuildConfiguration;
			baseConfigurationReference = 6F185901AF96FDEDC02E2B8F /* Pods-CCNumberValidatorTests.debug.xcconfig */;
			buildSettings = {
				ALWAYS_EMBED_SWIFT_STANDARD_LIBRARIES = "$(inherited)";
				BUNDLE_LOADER = "$(TEST_HOST)";
				CLANG_ENABLE_MODULES = YES;
				CODE_SIGN_STYLE = Automatic;
				DEVELOPMENT_TEAM = 45Z84TYU2C;
				INFOPLIST_FILE = Tests/Info.plist;
				LD_RUNPATH_SEARCH_PATHS = "$(inherited) @executable_path/Frameworks @loader_path/Frameworks";
				PRODUCT_BUNDLE_IDENTIFIER = "pl.M-Code.CCNumberValidatorTests";
				PRODUCT_NAME = "$(TARGET_NAME)";
				SWIFT_OPTIMIZATION_LEVEL = "-Onone";
				SWIFT_VERSION = 4.0;
				TARGETED_DEVICE_FAMILY = "1,2";
				TEST_HOST = "$(BUILT_PRODUCTS_DIR)/CCNumberValidator.app/CCNumberValidator";
			};
			name = Debug;
		};
		505F5EEC1FAA29810093380D /* Release */ = {
			isa = XCBuildConfiguration;
			baseConfigurationReference = AA51B36B339A7F20FA887107 /* Pods-CCNumberValidatorTests.release.xcconfig */;
			buildSettings = {
				ALWAYS_EMBED_SWIFT_STANDARD_LIBRARIES = "$(inherited)";
				BUNDLE_LOADER = "$(TEST_HOST)";
				CLANG_ENABLE_MODULES = YES;
				CODE_SIGN_STYLE = Automatic;
				DEVELOPMENT_TEAM = 45Z84TYU2C;
				INFOPLIST_FILE = Tests/Info.plist;
				LD_RUNPATH_SEARCH_PATHS = "$(inherited) @executable_path/Frameworks @loader_path/Frameworks";
				PRODUCT_BUNDLE_IDENTIFIER = "pl.M-Code.CCNumberValidatorTests";
				PRODUCT_NAME = "$(TARGET_NAME)";
				SWIFT_VERSION = 4.0;
				TARGETED_DEVICE_FAMILY = "1,2";
				TEST_HOST = "$(BUILT_PRODUCTS_DIR)/CCNumberValidator.app/CCNumberValidator";
			};
			name = Release;
		};
/* End XCBuildConfiguration section */

/* Begin XCConfigurationList section */
		505F5EC51FAA29810093380D /* Build configuration list for PBXProject "CCNumberValidator" */ = {
			isa = XCConfigurationList;
			buildConfigurations = (
				505F5EE51FAA29810093380D /* Debug */,
				505F5EE61FAA29810093380D /* Release */,
			);
			defaultConfigurationIsVisible = 0;
			defaultConfigurationName = Release;
		};
		505F5EE71FAA29810093380D /* Build configuration list for PBXNativeTarget "CCNumberValidator" */ = {
			isa = XCConfigurationList;
			buildConfigurations = (
				505F5EE81FAA29810093380D /* Debug */,
				505F5EE91FAA29810093380D /* Release */,
			);
			defaultConfigurationIsVisible = 0;
			defaultConfigurationName = Release;
		};
		505F5EEA1FAA29810093380D /* Build configuration list for PBXNativeTarget "CCNumberValidatorTests" */ = {
			isa = XCConfigurationList;
			buildConfigurations = (
				505F5EEB1FAA29810093380D /* Debug */,
				505F5EEC1FAA29810093380D /* Release */,
			);
			defaultConfigurationIsVisible = 0;
			defaultConfigurationName = Release;
		};
/* End XCConfigurationList section */
	};
	rootObject = 505F5EC21FAA29810093380D /* Project object */;
}
