PODS:
  - IHKeyboardAvoiding (4.1)
  - iOSSnapshotTestCase (4.0.0):
    - iOSSnapshotTestCase/SwiftSupport (= 4.0.0)
  - iOSSnapshotTestCase/Core (4.0.0)
  - iOSSnapshotTestCase/SwiftSupport (4.0.0):
    - iOSSnapshotTestCase/Core
  - Nimble (7.3.1)
  - Nimble-Snapshots (6.8.1):
    - Nimble-Snapshots/Core (= 6.8.1)
  - Nimble-Snapshots/Core (6.8.1):
    - iOSSnapshotTestCase (~> 4.0)
    - Nimble (~> 7.0)
  - Pastel (0.4.0)
  - PromiseKit (4.5.0):
    - PromiseKit/Foundation (= 4.5.0)
    - PromiseKit/QuartzCore (= 4.5.0)
    - PromiseKit/UIKit (= 4.5.0)
  - PromiseKit/CorePromise (4.5.0)
  - PromiseKit/Foundation (4.5.0):
    - PromiseKit/CorePromise
  - PromiseKit/QuartzCore (4.5.0):
    - PromiseKit/CorePromise
  - PromiseKit/UIKit (4.5.0):
    - PromiseKit/CorePromise
  - Quick (1.3.2)
  - Reveal-SDK (11)
  - SnapKit (4.0.0)
  - SwiftLint (0.27.0)
  - Swinject (2.1.1)
  - SwinjectAutoregistration (2.1.1):
    - Swinject (~> 2.1)

DEPENDENCIES:
  - IHKeyboardAvoiding (~> 4.1)
  - Nimble (~> 7.3.1)
  - Nimble-Snapshots (from `https://github.com/ashfurrow/Nimble-Snapshots.git`, branch `master`)
  - Pastel (~> 0.4)
  - PromiseKit (~> 4.5.0)
  - Quick (~> 1.3.2)
  - Reveal-SDK
  - SnapKit (~> 4.0.0)
  - SwiftLint (~> 0.27)
  - Swinject (~> 2.1.1)
  - SwinjectAutoregistration (~> 2.1.1)

SPEC REPOS:
  https://github.com/cocoapods/specs.git:
    - IHKeyboardAvoiding
    - iOSSnapshotTestCase
    - Nimble
    - Pastel
    - PromiseKit
    - Quick
    - Reveal-SDK
    - SnapKit
    - SwiftLint
    - Swinject
    - SwinjectAutoregistration

EXTERNAL SOURCES:
  Nimble-Snapshots:
    :branch: master
    :git: https://github.com/ashfurrow/Nimble-Snapshots.git

CHECKOUT OPTIONS:
  Nimble-Snapshots:
    :commit: cf20ab5c0ccc4acef05baad8ad3a4bd99ef4e4ed
    :git: https://github.com/ashfurrow/Nimble-Snapshots.git

SPEC CHECKSUMS:
  IHKeyboardAvoiding: 5f42b8ff1f64144ea425b1954e4311eb6bf9077a
  iOSSnapshotTestCase: 711379b19f69a22c131527df862352c877c2773c
  Nimble: 04f732da099ea4d153122aec8c2a88fd0c7219ae
  Nimble-Snapshots: 65bce321fa2f62d70909b90a66a825a3cc4ae773
  Pastel: 7fa5e26123b3dbe11f7ed255654bf37100b199a5
  PromiseKit: 9c1d9f6d7b65e3951a90bea7f407c56972be5d8e
  Quick: 2623cb30d7a7f41ca62f684f679586558f483d46
  Reveal-SDK: 7fa13d04bb55db61ff2342a990cf731d5159361d
  SnapKit: a42d492c16e80209130a3379f73596c3454b7694
  SwiftLint: 3207c1faa2240bf8973b191820a116113cd11073
  Swinject: afea49fd95f392b41171669f165842879c48fad6
  SwinjectAutoregistration: d06b56bd8f912b9fb9c59c15181342558a734b1b

PODFILE CHECKSUM: 78d4c4578084723f236c15fa0050616e8436ea9c

COCOAPODS: 1.5.3
